
Microsoft Visual Studio Solution File, Format Version 12.00
# Visual Studio 15
VisualStudioVersion = 15.0.27428.2037
MinimumVisualStudioVersion = 10.0.40219.1
Project("{FAE04EC0-301F-11D3-BF4B-00C04F79EFBC}") = "ProgrammingAssignment4", "ProgrammingAssignment4\ProgrammingAssignment4.csproj", "{6716BC07-C9AD-47E1-A2D8-FF98FF0AD5DA}"
EndProject
Global
	GlobalSection(SolutionConfigurationPlatforms) = preSolution
		Debug|x86 = Debug|x86
		Release|x86 = Release|x86
	EndGlobalSection
	GlobalSection(ProjectConfigurationPlatforms) = postSolution
		{6716BC07-C9AD-47E1-A2D8-FF98FF0AD5DA}.Debug|x86.ActiveCfg = Debug|x86
		{6716BC07-C9AD-47E1-A2D8-FF98FF0AD5DA}.Debug|x86.Build.0 = Debug|x86
		{6716BC07-C9AD-47E1-A2D8-FF98FF0AD5DA}.Release|x86.ActiveCfg = Release|x86
		{6716BC07-C9AD-47E1-A2D8-FF98FF0AD5DA}.Release|x86.Build.0 = Release|x86
	EndGlobalSection
	GlobalSection(SolutionProperties) = preSolution
		HideSolutionNode = FALSE
	EndGlobalSection
	GlobalSection(ExtensibilityGlobals) = postSolution
		SolutionGuid = {A56DCA3E-0EC0-4863-AD34-BA546EE7A226}
	EndGlobalSection
EndGlobal
