
Microsoft Visual Studio Solution File, Format Version 12.00
# Visual Studio 15
VisualStudioVersion = 15.0.27130.2024
MinimumVisualStudioVersion = 10.0.40219.1
Project("{FAE04EC0-301F-11D3-BF4B-00C04F79EFBC}") = "Lab9", "Lab9\Lab9.csproj", "{EDF65357-7559-4654-B7AC-1A548099B982}"
EndProject
Global
	GlobalSection(SolutionConfigurationPlatforms) = preSolution
		Debug|Any CPU = Debug|Any CPU
		Release|Any CPU = Release|Any CPU
	EndGlobalSection
	GlobalSection(ProjectConfigurationPlatforms) = postSolution
		{EDF65357-7559-4654-B7AC-1A548099B982}.Debug|Any CPU.ActiveCfg = Debug|Any CPU
		{EDF65357-7559-4654-B7AC-1A548099B982}.Debug|Any CPU.Build.0 = Debug|Any CPU
		{EDF65357-7559-4654-B7AC-1A548099B982}.Release|Any CPU.ActiveCfg = Release|Any CPU
		{EDF65357-7559-4654-B7AC-1A548099B982}.Release|Any CPU.Build.0 = Release|Any CPU
	EndGlobalSection
	GlobalSection(SolutionProperties) = preSolution
		HideSolutionNode = FALSE
	EndGlobalSection
	GlobalSection(ExtensibilityGlobals) = postSolution
		SolutionGuid = {BE49843A-AD47-44D8-A9A4-CFAD68A97844}
	EndGlobalSection
EndGlobal
